// !$*UTF8*$!
{
	archiveVersion = 1;
	classes = {
	};
	objectVersion = 56;
	objects = {

/* Begin PBXBuildFile section */
		EB946B3A28E6872E00127BD9 /* AppDelegate.swift in Sources */ = {isa = PBXBuildFile; fileRef = EB946B3928E6872E00127BD9 /* AppDelegate.swift */; };
		EB946B3C28E6872E00127BD9 /* SceneDelegate.swift in Sources */ = {isa = PBXBuildFile; fileRef = EB946B3B28E6872E00127BD9 /* SceneDelegate.swift */; };
		EB946B3E28E6872E00127BD9 /* ViewController.swift in Sources */ = {isa = PBXBuildFile; fileRef = EB946B3D28E6872E00127BD9 /* ViewController.swift */; };
		EB946B4128E6872E00127BD9 /* Main.storyboard in Resources */ = {isa = PBXBuildFile; fileRef = EB946B3F28E6872E00127BD9 /* Main.storyboard */; };
		EB946B4328E6872F00127BD9 /* Assets.xcassets in Resources */ = {isa = PBXBuildFile; fileRef = EB946B4228E6872F00127BD9 /* Assets.xcassets */; };
		EB946B4628E6872F00127BD9 /* LaunchScreen.storyboard in Resources */ = {isa = PBXBuildFile; fileRef = EB946B4428E6872F00127BD9 /* LaunchScreen.storyboard */; };
		EB946B4F28E687E300127BD9 /* RealmSwift in Frameworks */ = {isa = PBXBuildFile; productRef = EB946B4E28E687E300127BD9 /* RealmSwift */; };
		EB946B5228E6881000127BD9 /* Kingfisher in Frameworks */ = {isa = PBXBuildFile; productRef = EB946B5128E6881000127BD9 /* Kingfisher */; };
		EB946B5628E6895800127BD9 /* Then in Frameworks */ = {isa = PBXBuildFile; productRef = EB946B5528E6895800127BD9 /* Then */; };
		EB946B5928E689B700127BD9 /* GitHubAPI.swift in Sources */ = {isa = PBXBuildFile; fileRef = EB946B5828E689B700127BD9 /* GitHubAPI.swift */; };
		EB946B5B28E68CDB00127BD9 /* String+Ex.swift in Sources */ = {isa = PBXBuildFile; fileRef = EB946B5A28E68CDB00127BD9 /* String+Ex.swift */; };
		EB946B5D28E68EBB00127BD9 /* Model.swift in Sources */ = {isa = PBXBuildFile; fileRef = EB946B5C28E68EBB00127BD9 /* Model.swift */; };
		EB946B6228E697CF00127BD9 /* GitHubManager.swift in Sources */ = {isa = PBXBuildFile; fileRef = EB946B6128E697CF00127BD9 /* GitHubManager.swift */; };
		EB946B6428E6983800127BD9 /* Common+Ex.swift in Sources */ = {isa = PBXBuildFile; fileRef = EB946B6328E6983800127BD9 /* Common+Ex.swift */; };
		EB946B6C28E6DAA200127BD9 /* HeadVC.swift in Sources */ = {isa = PBXBuildFile; fileRef = EB946B6A28E6DAA200127BD9 /* HeadVC.swift */; };
		EB946B6D28E6DAA200127BD9 /* HeadVC.xib in Resources */ = {isa = PBXBuildFile; fileRef = EB946B6B28E6DAA200127BD9 /* HeadVC.xib */; };
		EB946B7828E6ECF600127BD9 /* UIView+Ex.swift in Sources */ = {isa = PBXBuildFile; fileRef = EB946B7728E6ECF600127BD9 /* UIView+Ex.swift */; };
		EB946B7A28E7FE5100127BD9 /* ListViewController.swift in Sources */ = {isa = PBXBuildFile; fileRef = EB946B7928E7FE5100127BD9 /* ListViewController.swift */; };
		EB946B8128E82B8300127BD9 /* RTabs.swift in Sources */ = {isa = PBXBuildFile; fileRef = EB946B8028E82B8300127BD9 /* RTabs.swift */; };
		EB946B8328E9267800127BD9 /* Control+Ex.swift in Sources */ = {isa = PBXBuildFile; fileRef = EB946B8228E9267800127BD9 /* Control+Ex.swift */; };
		EB946B8828E9453D00127BD9 /* ListCell.swift in Sources */ = {isa = PBXBuildFile; fileRef = EB946B8628E9453D00127BD9 /* ListCell.swift */; };
		EB946B8928E9453D00127BD9 /* ListCell.xib in Resources */ = {isa = PBXBuildFile; fileRef = EB946B8728E9453D00127BD9 /* ListCell.xib */; };
		EB946B8D28E9BF5700127BD9 /* ListItem.swift in Sources */ = {isa = PBXBuildFile; fileRef = EB946B8C28E9BF5700127BD9 /* ListItem.swift */; };
		EB946B9028EB0B7000127BD9 /* ListAPIVC.swift in Sources */ = {isa = PBXBuildFile; fileRef = EB946B8E28EB0B7000127BD9 /* ListAPIVC.swift */; };
		EB946B9428EB0B8300127BD9 /* ListLocalVC.swift in Sources */ = {isa = PBXBuildFile; fileRef = EB946B9228EB0B8300127BD9 /* ListLocalVC.swift */; };
		EB946B9728EBD05800127BD9 /* GitHubWrapper.swift in Sources */ = {isa = PBXBuildFile; fileRef = EB946B9628EBD05800127BD9 /* GitHubWrapper.swift */; };
/* End PBXBuildFile section */

/* Begin PBXFileReference section */
		EB946B3628E6872E00127BD9 /* RemeberTest.app */ = {isa = PBXFileReference; explicitFileType = wrapper.application; includeInIndex = 0; path = RemeberTest.app; sourceTree = BUILT_PRODUCTS_DIR; };
		EB946B3928E6872E00127BD9 /* AppDelegate.swift */ = {isa = PBXFileReference; lastKnownFileType = sourcecode.swift; path = AppDelegate.swift; sourceTree = "<group>"; };
		EB946B3B28E6872E00127BD9 /* SceneDelegate.swift */ = {isa = PBXFileReference; lastKnownFileType = sourcecode.swift; path = SceneDelegate.swift; sourceTree = "<group>"; };
		EB946B3D28E6872E00127BD9 /* ViewController.swift */ = {isa = PBXFileReference; lastKnownFileType = sourcecode.swift; path = ViewController.swift; sourceTree = "<group>"; };
		EB946B4028E6872E00127BD9 /* Base */ = {isa = PBXFileReference; lastKnownFileType = file.storyboard; name = Base; path = Base.lproj/Main.storyboard; sourceTree = "<group>"; };
		EB946B4228E6872F00127BD9 /* Assets.xcassets */ = {isa = PBXFileReference; lastKnownFileType = folder.assetcatalog; path = Assets.xcassets; sourceTree = "<group>"; };
		EB946B4528E6872F00127BD9 /* Base */ = {isa = PBXFileReference; lastKnownFileType = file.storyboard; name = Base; path = Base.lproj/LaunchScreen.storyboard; sourceTree = "<group>"; };
		EB946B4728E6872F00127BD9 /* Info.plist */ = {isa = PBXFileReference; lastKnownFileType = text.plist.xml; path = Info.plist; sourceTree = "<group>"; };
		EB946B5828E689B700127BD9 /* GitHubAPI.swift */ = {isa = PBXFileReference; lastKnownFileType = sourcecode.swift; path = GitHubAPI.swift; sourceTree = "<group>"; };
		EB946B5A28E68CDB00127BD9 /* String+Ex.swift */ = {isa = PBXFileReference; lastKnownFileType = sourcecode.swift; path = "String+Ex.swift"; sourceTree = "<group>"; };
		EB946B5C28E68EBB00127BD9 /* Model.swift */ = {isa = PBXFileReference; lastKnownFileType = sourcecode.swift; path = Model.swift; sourceTree = "<group>"; };
		EB946B6128E697CF00127BD9 /* GitHubManager.swift */ = {isa = PBXFileReference; lastKnownFileType = sourcecode.swift; path = GitHubManager.swift; sourceTree = "<group>"; };
		EB946B6328E6983800127BD9 /* Common+Ex.swift */ = {isa = PBXFileReference; lastKnownFileType = sourcecode.swift; path = "Common+Ex.swift"; sourceTree = "<group>"; };
		EB946B6A28E6DAA200127BD9 /* HeadVC.swift */ = {isa = PBXFileReference; lastKnownFileType = sourcecode.swift; path = HeadVC.swift; sourceTree = "<group>"; };
		EB946B6B28E6DAA200127BD9 /* HeadVC.xib */ = {isa = PBXFileReference; lastKnownFileType = file.xib; path = HeadVC.xib; sourceTree = "<group>"; };
		EB946B7728E6ECF600127BD9 /* UIView+Ex.swift */ = {isa = PBXFileReference; lastKnownFileType = sourcecode.swift; path = "UIView+Ex.swift"; sourceTree = "<group>"; };
		EB946B7928E7FE5100127BD9 /* ListViewController.swift */ = {isa = PBXFileReference; lastKnownFileType = sourcecode.swift; path = ListViewController.swift; sourceTree = "<group>"; };
		EB946B8028E82B8300127BD9 /* RTabs.swift */ = {isa = PBXFileReference; lastKnownFileType = sourcecode.swift; path = RTabs.swift; sourceTree = "<group>"; };
		EB946B8228E9267800127BD9 /* Control+Ex.swift */ = {isa = PBXFileReference; lastKnownFileType = sourcecode.swift; path = "Control+Ex.swift"; sourceTree = "<group>"; };
		EB946B8628E9453D00127BD9 /* ListCell.swift */ = {isa = PBXFileReference; lastKnownFileType = sourcecode.swift; path = ListCell.swift; sourceTree = "<group>"; };
		EB946B8728E9453D00127BD9 /* ListCell.xib */ = {isa = PBXFileReference; lastKnownFileType = file.xib; path = ListCell.xib; sourceTree = "<group>"; };
		EB946B8C28E9BF5700127BD9 /* ListItem.swift */ = {isa = PBXFileReference; lastKnownFileType = sourcecode.swift; path = ListItem.swift; sourceTree = "<group>"; };
		EB946B8E28EB0B7000127BD9 /* ListAPIVC.swift */ = {isa = PBXFileReference; lastKnownFileType = sourcecode.swift; path = ListAPIVC.swift; sourceTree = "<group>"; };
		EB946B9228EB0B8300127BD9 /* ListLocalVC.swift */ = {isa = PBXFileReference; lastKnownFileType = sourcecode.swift; path = ListLocalVC.swift; sourceTree = "<group>"; };
		EB946B9628EBD05800127BD9 /* GitHubWrapper.swift */ = {isa = PBXFileReference; lastKnownFileType = sourcecode.swift; path = GitHubWrapper.swift; sourceTree = "<group>"; };
/* End PBXFileReference section */

/* Begin PBXFrameworksBuildPhase section */
		EB946B3328E6872E00127BD9 /* Frameworks */ = {
			isa = PBXFrameworksBuildPhase;
			buildActionMask = 2147483647;
			files = (
				EB946B5228E6881000127BD9 /* Kingfisher in Frameworks */,
				EB946B5628E6895800127BD9 /* Then in Frameworks */,
				EB946B4F28E687E300127BD9 /* RealmSwift in Frameworks */,
			);
			runOnlyForDeploymentPostprocessing = 0;
		};
/* End PBXFrameworksBuildPhase section */

/* Begin PBXGroup section */
		EB946B2D28E6872E00127BD9 = {
			isa = PBXGroup;
			children = (
				EB946B3828E6872E00127BD9 /* RemeberTest */,
				EB946B3728E6872E00127BD9 /* Products */,
			);
			sourceTree = "<group>";
		};
		EB946B3728E6872E00127BD9 /* Products */ = {
			isa = PBXGroup;
			children = (
				EB946B3628E6872E00127BD9 /* RemeberTest.app */,
			);
			name = Products;
			sourceTree = "<group>";
		};
		EB946B3828E6872E00127BD9 /* RemeberTest */ = {
			isa = PBXGroup;
			children = (
				EB946B5328E6893300127BD9 /* Common */,
				EB946B5728E6897A00127BD9 /* ViewModel */,
				EB946B6628E6DA3000127BD9 /* Head */,
				EB946B7B28E7FEAE00127BD9 /* List */,
				EB946B3928E6872E00127BD9 /* AppDelegate.swift */,
				EB946B3B28E6872E00127BD9 /* SceneDelegate.swift */,
				EB946B3D28E6872E00127BD9 /* ViewController.swift */,
				EB946B3F28E6872E00127BD9 /* Main.storyboard */,
				EB946B4228E6872F00127BD9 /* Assets.xcassets */,
				EB946B4428E6872F00127BD9 /* LaunchScreen.storyboard */,
				EB946B4728E6872F00127BD9 /* Info.plist */,
			);
			path = RemeberTest;
			sourceTree = "<group>";
		};
		EB946B5328E6893300127BD9 /* Common */ = {
			isa = PBXGroup;
			children = (
				EB946B6328E6983800127BD9 /* Common+Ex.swift */,
				EB946B8228E9267800127BD9 /* Control+Ex.swift */,
				EB946B5A28E68CDB00127BD9 /* String+Ex.swift */,
				EB946B7728E6ECF600127BD9 /* UIView+Ex.swift */,
			);
			path = Common;
			sourceTree = "<group>";
		};
		EB946B5728E6897A00127BD9 /* ViewModel */ = {
			isa = PBXGroup;
			children = (
				EB946B5C28E68EBB00127BD9 /* Model.swift */,
				EB946B5828E689B700127BD9 /* GitHubAPI.swift */,
				EB946B6128E697CF00127BD9 /* GitHubManager.swift */,
				EB946B9628EBD05800127BD9 /* GitHubWrapper.swift */,
			);
			path = ViewModel;
			sourceTree = "<group>";
		};
		EB946B6628E6DA3000127BD9 /* Head */ = {
			isa = PBXGroup;
			children = (
				EB946B8028E82B8300127BD9 /* RTabs.swift */,
				EB946B6A28E6DAA200127BD9 /* HeadVC.swift */,
				EB946B6B28E6DAA200127BD9 /* HeadVC.xib */,
			);
			path = Head;
			sourceTree = "<group>";
		};
		EB946B7B28E7FEAE00127BD9 /* List */ = {
			isa = PBXGroup;
			children = (
				EB946B7928E7FE5100127BD9 /* ListViewController.swift */,
				EB946B8C28E9BF5700127BD9 /* ListItem.swift */,
				EB946B8628E9453D00127BD9 /* ListCell.swift */,
				EB946B8728E9453D00127BD9 /* ListCell.xib */,
				EB946B8E28EB0B7000127BD9 /* ListAPIVC.swift */,
				EB946B9228EB0B8300127BD9 /* ListLocalVC.swift */,
			);
			path = List;
			sourceTree = "<group>";
		};
/* End PBXGroup section */

/* Begin PBXNativeTarget section */
		EB946B3528E6872E00127BD9 /* RemeberTest */ = {
			isa = PBXNativeTarget;
			buildConfigurationList = EB946B4A28E6872F00127BD9 /* Build configuration list for PBXNativeTarget "RemeberTest" */;
			buildPhases = (
				EB946B3228E6872E00127BD9 /* Sources */,
				EB946B3328E6872E00127BD9 /* Frameworks */,
				EB946B3428E6872E00127BD9 /* Resources */,
			);
			buildRules = (
			);
			dependencies = (
			);
			name = RemeberTest;
			packageProductDependencies = (
				EB946B4E28E687E300127BD9 /* RealmSwift */,
				EB946B5128E6881000127BD9 /* Kingfisher */,
				EB946B5528E6895800127BD9 /* Then */,
			);
			productName = RemeberTest;
			productReference = EB946B3628E6872E00127BD9 /* RemeberTest.app */;
			productType = "com.apple.product-type.application";
		};
/* End PBXNativeTarget section */

/* Begin PBXProject section */
		EB946B2E28E6872E00127BD9 /* Project object */ = {
			isa = PBXProject;
			attributes = {
				BuildIndependentTargetsInParallel = 1;
				LastSwiftUpdateCheck = 1400;
				LastUpgradeCheck = 1400;
				TargetAttributes = {
					EB946B3528E6872E00127BD9 = {
						CreatedOnToolsVersion = 14.0;
					};
				};
			};
			buildConfigurationList = EB946B3128E6872E00127BD9 /* Build configuration list for PBXProject "RemeberTest" */;
			compatibilityVersion = "Xcode 14.0";
			developmentRegion = en;
			hasScannedForEncodings = 0;
			knownRegions = (
				en,
				Base,
			);
			mainGroup = EB946B2D28E6872E00127BD9;
			packageReferences = (
				EB946B4D28E687E300127BD9 /* XCRemoteSwiftPackageReference "realm-cocoa" */,
				EB946B5028E6881000127BD9 /* XCRemoteSwiftPackageReference "Kingfisher" */,
				EB946B5428E6895800127BD9 /* XCRemoteSwiftPackageReference "Then" */,
			);
			productRefGroup = EB946B3728E6872E00127BD9 /* Products */;
			projectDirPath = "";
			projectRoot = "";
			targets = (
				EB946B3528E6872E00127BD9 /* RemeberTest */,
			);
		};
/* End PBXProject section */

/* Begin PBXResourcesBuildPhase section */
		EB946B3428E6872E00127BD9 /* Resources */ = {
			isa = PBXResourcesBuildPhase;
			buildActionMask = 2147483647;
			files = (
				EB946B4628E6872F00127BD9 /* LaunchScreen.storyboard in Resources */,
				EB946B4328E6872F00127BD9 /* Assets.xcassets in Resources */,
				EB946B6D28E6DAA200127BD9 /* HeadVC.xib in Resources */,
				EB946B4128E6872E00127BD9 /* Main.storyboard in Resources */,
				EB946B8928E9453D00127BD9 /* ListCell.xib in Resources */,
			);
			runOnlyForDeploymentPostprocessing = 0;
		};
/* End PBXResourcesBuildPhase section */

/* Begin PBXSourcesBuildPhase section */
		EB946B3228E6872E00127BD9 /* Sources */ = {
			isa = PBXSourcesBuildPhase;
			buildActionMask = 2147483647;
			files = (
				EB946B9428EB0B8300127BD9 /* ListLocalVC.swift in Sources */,
				EB946B3E28E6872E00127BD9 /* ViewController.swift in Sources */,
				EB946B5B28E68CDB00127BD9 /* String+Ex.swift in Sources */,
				EB946B6C28E6DAA200127BD9 /* HeadVC.swift in Sources */,
				EB946B9728EBD05800127BD9 /* GitHubWrapper.swift in Sources */,
				EB946B8828E9453D00127BD9 /* ListCell.swift in Sources */,
				EB946B8D28E9BF5700127BD9 /* ListItem.swift in Sources */,
				EB946B3A28E6872E00127BD9 /* AppDelegate.swift in Sources */,
				EB946B9028EB0B7000127BD9 /* ListAPIVC.swift in Sources */,
				EB946B7A28E7FE5100127BD9 /* ListViewController.swift in Sources */,
				EB946B6428E6983800127BD9 /* Common+Ex.swift in Sources */,
				EB946B5D28E68EBB00127BD9 /* Model.swift in Sources */,
				EB946B5928E689B700127BD9 /* GitHubAPI.swift in Sources */,
				EB946B3C28E6872E00127BD9 /* SceneDelegate.swift in Sources */,
				EB946B8328E9267800127BD9 /* Control+Ex.swift in Sources */,
				EB946B8128E82B8300127BD9 /* RTabs.swift in Sources */,
				EB946B6228E697CF00127BD9 /* GitHubManager.swift in Sources */,
				EB946B7828E6ECF600127BD9 /* UIView+Ex.swift in Sources */,
			);
			runOnlyForDeploymentPostprocessing = 0;
		};
/* End PBXSourcesBuildPhase section */

/* Begin PBXVariantGroup section */
		EB946B3F28E6872E00127BD9 /* Main.storyboard */ = {
			isa = PBXVariantGroup;
			children = (
				EB946B4028E6872E00127BD9 /* Base */,
			);
			name = Main.storyboard;
			sourceTree = "<group>";
		};
		EB946B4428E6872F00127BD9 /* LaunchScreen.storyboard */ = {
			isa = PBXVariantGroup;
			children = (
				EB946B4528E6872F00127BD9 /* Base */,
			);
			name = LaunchScreen.storyboard;
			sourceTree = "<group>";
		};
/* End PBXVariantGroup section */

/* Begin XCBuildConfiguration section */
		EB946B4828E6872F00127BD9 /* Debug */ = {
			isa = XCBuildConfiguration;
			buildSettings = {
				ALWAYS_SEARCH_USER_PATHS = NO;
				CLANG_ANALYZER_NONNULL = YES;
				CLANG_ANALYZER_NUMBER_OBJECT_CONVERSION = YES_AGGRESSIVE;
				CLANG_CXX_LANGUAGE_STANDARD = "gnu++20";
				CLANG_ENABLE_MODULES = YES;
				CLANG_ENABLE_OBJC_ARC = YES;
				CLANG_ENABLE_OBJC_WEAK = YES;
				CLANG_WARN_BLOCK_CAPTURE_AUTORELEASING = YES;
				CLANG_WARN_BOOL_CONVERSION = YES;
				CLANG_WARN_COMMA = YES;
				CLANG_WARN_CONSTANT_CONVERSION = YES;
				CLANG_WARN_DEPRECATED_OBJC_IMPLEMENTATIONS = YES;
				CLANG_WARN_DIRECT_OBJC_ISA_USAGE = YES_ERROR;
				CLANG_WARN_DOCUMENTATION_COMMENTS = YES;
				CLANG_WARN_EMPTY_BODY = YES;
				CLANG_WARN_ENUM_CONVERSION = YES;
				CLANG_WARN_INFINITE_RECURSION = YES;
				CLANG_WARN_INT_CONVERSION = YES;
				CLANG_WARN_NON_LITERAL_NULL_CONVERSION = YES;
				CLANG_WARN_OBJC_IMPLICIT_RETAIN_SELF = YES;
				CLANG_WARN_OBJC_LITERAL_CONVERSION = YES;
				CLANG_WARN_OBJC_ROOT_CLASS = YES_ERROR;
				CLANG_WARN_QUOTED_INCLUDE_IN_FRAMEWORK_HEADER = YES;
				CLANG_WARN_RANGE_LOOP_ANALYSIS = YES;
				CLANG_WARN_STRICT_PROTOTYPES = YES;
				CLANG_WARN_SUSPICIOUS_MOVE = YES;
				CLANG_WARN_UNGUARDED_AVAILABILITY = YES_AGGRESSIVE;
				CLANG_WARN_UNREACHABLE_CODE = YES;
				CLANG_WARN__DUPLICATE_METHOD_MATCH = YES;
				COPY_PHASE_STRIP = NO;
				DEBUG_INFORMATION_FORMAT = dwarf;
				ENABLE_STRICT_OBJC_MSGSEND = YES;
				ENABLE_TESTABILITY = YES;
				GCC_C_LANGUAGE_STANDARD = gnu11;
				GCC_DYNAMIC_NO_PIC = NO;
				GCC_NO_COMMON_BLOCKS = YES;
				GCC_OPTIMIZATION_LEVEL = 0;
				GCC_PREPROCESSOR_DEFINITIONS = (
					"DEBUG=1",
					"$(inherited)",
				);
				GCC_WARN_64_TO_32_BIT_CONVERSION = YES;
				GCC_WARN_ABOUT_RETURN_TYPE = YES_ERROR;
				GCC_WARN_UNDECLARED_SELECTOR = YES;
				GCC_WARN_UNINITIALIZED_AUTOS = YES_AGGRESSIVE;
				GCC_WARN_UNUSED_FUNCTION = YES;
				GCC_WARN_UNUSED_VARIABLE = YES;
				IPHONEOS_DEPLOYMENT_TARGET = 16.0;
				MTL_ENABLE_DEBUG_INFO = INCLUDE_SOURCE;
				MTL_FAST_MATH = YES;
				ONLY_ACTIVE_ARCH = YES;
				SDKROOT = iphoneos;
				SWIFT_ACTIVE_COMPILATION_CONDITIONS = DEBUG;
				SWIFT_OPTIMIZATION_LEVEL = "-Onone";
			};
			name = Debug;
		};
		EB946B4928E6872F00127BD9 /* Release */ = {
			isa = XCBuildConfiguration;
			buildSettings = {
				ALWAYS_SEARCH_USER_PATHS = NO;
				CLANG_ANALYZER_NONNULL = YES;
				CLANG_ANALYZER_NUMBER_OBJECT_CONVERSION = YES_AGGRESSIVE;
				CLANG_CXX_LANGUAGE_STANDARD = "gnu++20";
				CLANG_ENABLE_MODULES = YES;
				CLANG_ENABLE_OBJC_ARC = YES;
				CLANG_ENABLE_OBJC_WEAK = YES;
				CLANG_WARN_BLOCK_CAPTURE_AUTORELEASING = YES;
				CLANG_WARN_BOOL_CONVERSION = YES;
				CLANG_WARN_COMMA = YES;
				CLANG_WARN_CONSTANT_CONVERSION = YES;
				CLANG_WARN_DEPRECATED_OBJC_IMPLEMENTATIONS = YES;
				CLANG_WARN_DIRECT_OBJC_ISA_USAGE = YES_ERROR;
				CLANG_WARN_DOCUMENTATION_COMMENTS = YES;
				CLANG_WARN_EMPTY_BODY = YES;
				CLANG_WARN_ENUM_CONVERSION = YES;
				CLANG_WARN_INFINITE_RECURSION = YES;
				CLANG_WARN_INT_CONVERSION = YES;
				CLANG_WARN_NON_LITERAL_NULL_CONVERSION = YES;
				CLANG_WARN_OBJC_IMPLICIT_RETAIN_SELF = YES;
				CLANG_WARN_OBJC_LITERAL_CONVERSION = YES;
				CLANG_WARN_OBJC_ROOT_CLASS = YES_ERROR;
				CLANG_WARN_QUOTED_INCLUDE_IN_FRAMEWORK_HEADER = YES;
				CLANG_WARN_RANGE_LOOP_ANALYSIS = YES;
				CLANG_WARN_STRICT_PROTOTYPES = YES;
				CLANG_WARN_SUSPICIOUS_MOVE = YES;
				CLANG_WARN_UNGUARDED_AVAILABILITY = YES_AGGRESSIVE;
				CLANG_WARN_UNREACHABLE_CODE = YES;
				CLANG_WARN__DUPLICATE_METHOD_MATCH = YES;
				COPY_PHASE_STRIP = NO;
				DEBUG_INFORMATION_FORMAT = "dwarf-with-dsym";
				ENABLE_NS_ASSERTIONS = NO;
				ENABLE_STRICT_OBJC_MSGSEND = YES;
				GCC_C_LANGUAGE_STANDARD = gnu11;
				GCC_NO_COMMON_BLOCKS = YES;
				GCC_WARN_64_TO_32_BIT_CONVERSION = YES;
				GCC_WARN_ABOUT_RETURN_TYPE = YES_ERROR;
				GCC_WARN_UNDECLARED_SELECTOR = YES;
				GCC_WARN_UNINITIALIZED_AUTOS = YES_AGGRESSIVE;
				GCC_WARN_UNUSED_FUNCTION = YES;
				GCC_WARN_UNUSED_VARIABLE = YES;
				IPHONEOS_DEPLOYMENT_TARGET = 16.0;
				MTL_ENABLE_DEBUG_INFO = NO;
				MTL_FAST_MATH = YES;
				SDKROOT = iphoneos;
				SWIFT_COMPILATION_MODE = wholemodule;
				SWIFT_OPTIMIZATION_LEVEL = "-O";
				VALIDATE_PRODUCT = YES;
			};
			name = Release;
		};
		EB946B4B28E6872F00127BD9 /* Debug */ = {
			isa = XCBuildConfiguration;
			buildSettings = {
				ASSETCATALOG_COMPILER_APPICON_NAME = AppIcon;
				ASSETCATALOG_COMPILER_GLOBAL_ACCENT_COLOR_NAME = AccentColor;
				CODE_SIGN_STYLE = Automatic;
				CURRENT_PROJECT_VERSION = 1;
				DEVELOPMENT_TEAM = R74G6D2CJY;
				GENERATE_INFOPLIST_FILE = YES;
				INFOPLIST_FILE = RemeberTest/Info.plist;
				INFOPLIST_KEY_UIApplicationSupportsIndirectInputEvents = YES;
				INFOPLIST_KEY_UILaunchStoryboardName = LaunchScreen;
				INFOPLIST_KEY_UIMainStoryboardFile = Main;
				INFOPLIST_KEY_UISupportedInterfaceOrientations = UIInterfaceOrientationPortrait;
				INFOPLIST_KEY_UISupportedInterfaceOrientations_iPad = "UIInterfaceOrientationLandscapeLeft UIInterfaceOrientationLandscapeRight UIInterfaceOrientationPortrait UIInterfaceOrientationPortraitUpsideDown";
				IPHONEOS_DEPLOYMENT_TARGET = 13.0;
				LD_RUNPATH_SEARCH_PATHS = (
					"$(inherited)",
					"@executable_path/Frameworks",
				);
				MARKETING_VERSION = 1.0;
				PRODUCT_BUNDLE_IDENTIFIER = steve.choi.RemeberTest;
				PRODUCT_NAME = "$(TARGET_NAME)";
				SUPPORTED_PLATFORMS = "iphoneos iphonesimulator";
				SUPPORTS_MACCATALYST = NO;
				SUPPORTS_MAC_DESIGNED_FOR_IPHONE_IPAD = NO;
				SWIFT_EMIT_LOC_STRINGS = YES;
				SWIFT_VERSION = 5.0;
				TARGETED_DEVICE_FAMILY = 1;
			};
			name = Debug;
		};
		EB946B4C28E6872F00127BD9 /* Release */ = {
			isa = XCBuildConfiguration;
			buildSettings = {
				ASSETCATALOG_COMPILER_APPICON_NAME = AppIcon;
				ASSETCATALOG_COMPILER_GLOBAL_ACCENT_COLOR_NAME = AccentColor;
				CODE_SIGN_STYLE = Automatic;
				CURRENT_PROJECT_VERSION = 1;
				DEVELOPMENT_TEAM = R74G6D2CJY;
				GENERATE_INFOPLIST_FILE = YES;
				INFOPLIST_FILE = RemeberTest/Info.plist;
				INFOPLIST_KEY_UIApplicationSupportsIndirectInputEvents = YES;
				INFOPLIST_KEY_UILaunchStoryboardName = LaunchScreen;
				INFOPLIST_KEY_UIMainStoryboardFile = Main;
				INFOPLIST_KEY_UISupportedInterfaceOrientations = UIInterfaceOrientationPortrait;
				INFOPLIST_KEY_UISupportedInterfaceOrientations_iPad = "UIInterfaceOrientationLandscapeLeft UIInterfaceOrientationLandscapeRight UIInterfaceOrientationPortrait UIInterfaceOrientationPortraitUpsideDown";
				IPHONEOS_DEPLOYMENT_TARGET = 13.0;
				LD_RUNPATH_SEARCH_PATHS = (
					"$(inherited)",
					"@executable_path/Frameworks",
				);
				MARKETING_VERSION = 1.0;
				PRODUCT_BUNDLE_IDENTIFIER = steve.choi.RemeberTest;
				PRODUCT_NAME = "$(TARGET_NAME)";
				SUPPORTED_PLATFORMS = "iphoneos iphonesimulator";
				SUPPORTS_MACCATALYST = NO;
				SUPPORTS_MAC_DESIGNED_FOR_IPHONE_IPAD = NO;
				SWIFT_EMIT_LOC_STRINGS = YES;
				SWIFT_VERSION = 5.0;
				TARGETED_DEVICE_FAMILY = 1;
			};
			name = Release;
		};
/* End XCBuildConfiguration section */

/* Begin XCConfigurationList section */
		EB946B3128E6872E00127BD9 /* Build configuration list for PBXProject "RemeberTest" */ = {
			isa = XCConfigurationList;
			buildConfigurations = (
				EB946B4828E6872F00127BD9 /* Debug */,
				EB946B4928E6872F00127BD9 /* Release */,
			);
			defaultConfigurationIsVisible = 0;
			defaultConfigurationName = Release;
		};
		EB946B4A28E6872F00127BD9 /* Build configuration list for PBXNativeTarget "RemeberTest" */ = {
			isa = XCConfigurationList;
			buildConfigurations = (
				EB946B4B28E6872F00127BD9 /* Debug */,
				EB946B4C28E6872F00127BD9 /* Release */,
			);
			defaultConfigurationIsVisible = 0;
			defaultConfigurationName = Release;
		};
/* End XCConfigurationList section */

/* Begin XCRemoteSwiftPackageReference section */
		EB946B4D28E687E300127BD9 /* XCRemoteSwiftPackageReference "realm-cocoa" */ = {
			isa = XCRemoteSwiftPackageReference;
			repositoryURL = "https://github.com/realm/realm-cocoa.git";
			requirement = {
				branch = master;
				kind = branch;
			};
		};
		EB946B5028E6881000127BD9 /* XCRemoteSwiftPackageReference "Kingfisher" */ = {
			isa = XCRemoteSwiftPackageReference;
			repositoryURL = "https://github.com/onevcat/Kingfisher.git";
			requirement = {
				branch = master;
				kind = branch;
			};
		};
		EB946B5428E6895800127BD9 /* XCRemoteSwiftPackageReference "Then" */ = {
			isa = XCRemoteSwiftPackageReference;
			repositoryURL = "https://github.com/devxoul/Then.git";
			requirement = {
				branch = master;
				kind = branch;
			};
		};
/* End XCRemoteSwiftPackageReference section */

/* Begin XCSwiftPackageProductDependency section */
		EB946B4E28E687E300127BD9 /* RealmSwift */ = {
			isa = XCSwiftPackageProductDependency;
			package = EB946B4D28E687E300127BD9 /* XCRemoteSwiftPackageReference "realm-cocoa" */;
			productName = RealmSwift;
		};
		EB946B5128E6881000127BD9 /* Kingfisher */ = {
			isa = XCSwiftPackageProductDependency;
			package = EB946B5028E6881000127BD9 /* XCRemoteSwiftPackageReference "Kingfisher" */;
			productName = Kingfisher;
		};
		EB946B5528E6895800127BD9 /* Then */ = {
			isa = XCSwiftPackageProductDependency;
			package = EB946B5428E6895800127BD9 /* XCRemoteSwiftPackageReference "Then" */;
			productName = Then;
		};
/* End XCSwiftPackageProductDependency section */
	};
	rootObject = EB946B2E28E6872E00127BD9 /* Project object */;
}
